
Microsoft Visual Studio Solution File, Format Version 12.00
# Visual Studio Version 16
VisualStudioVersion = 16.0.30804.86
MinimumVisualStudioVersion = 10.0.40219.1
Project("{FAE04EC0-301F-11D3-BF4B-00C04F79EFBC}") = "TestUngDung", "NguyenVanHai\TestUngDung.csproj", "{C63FF6D8-F8F5-4CE6-82DB-0F93F7D40251}"
EndProject
Project("{FAE04EC0-301F-11D3-BF4B-00C04F79EFBC}") = "ModelFE", "ModelFE\ModelFE.csproj", "{DDD76106-4A8A-47D1-A09F-7B0520382C8F}"
EndProject
Global
	GlobalSection(SolutionConfigurationPlatforms) = preSolution
		Debug|Any CPU = Debug|Any CPU
		Release|Any CPU = Release|Any CPU
	EndGlobalSection
	GlobalSection(ProjectConfigurationPlatforms) = postSolution
		{C63FF6D8-F8F5-4CE6-82DB-0F93F7D40251}.Debug|Any CPU.ActiveCfg = Debug|Any CPU
		{C63FF6D8-F8F5-4CE6-82DB-0F93F7D40251}.Debug|Any CPU.Build.0 = Debug|Any CPU
		{C63FF6D8-F8F5-4CE6-82DB-0F93F7D40251}.Release|Any CPU.ActiveCfg = Release|Any CPU
		{C63FF6D8-F8F5-4CE6-82DB-0F93F7D40251}.Release|Any CPU.Build.0 = Release|Any CPU
		{DDD76106-4A8A-47D1-A09F-7B0520382C8F}.Debug|Any CPU.ActiveCfg = Debug|Any CPU
		{DDD76106-4A8A-47D1-A09F-7B0520382C8F}.Debug|Any CPU.Build.0 = Debug|Any CPU
		{DDD76106-4A8A-47D1-A09F-7B0520382C8F}.Release|Any CPU.ActiveCfg = Release|Any CPU
		{DDD76106-4A8A-47D1-A09F-7B0520382C8F}.Release|Any CPU.Build.0 = Release|Any CPU
	EndGlobalSection
	GlobalSection(SolutionProperties) = preSolution
		HideSolutionNode = FALSE
	EndGlobalSection
	GlobalSection(ExtensibilityGlobals) = postSolution
		SolutionGuid = {8AD30F35-D90F-4285-8D8D-0DDE62E2507B}
	EndGlobalSection
EndGlobal
